<?xml version="1.0" encoding="UTF-8"?>
<Scheme
   LastUpgradeVersion = "1400"
   version = "1.3">
   <BuildAction
      parallelizeBuildables = "YES"
      buildImplicitDependencies = "YES">
      <BuildActionEntries>
         <BuildActionEntry
            buildForTesting = "YES"
            buildForRunning = "YES"
            buildForProfiling = "YES"
            buildForArchiving = "YES"
            buildForAnalyzing = "YES">
            <BuildableReference
               BuildableIdentifier = "primary"
               BlueprintIdentifier = "B658FB2B27DA9E0F00EA4DBD"
               BuildableName = "Aurora Editor.app"
               BlueprintName = "Aurora Editor"
               ReferencedContainer = "container:AuroraEditor.xcodeproj">
            </BuildableReference>
         </BuildActionEntry>
         <BuildActionEntry
            buildForTesting = "YES"
            buildForRunning = "YES"
            buildForProfiling = "YES"
            buildForArchiving = "YES"
            buildForAnalyzing = "YES">
            <BuildableReference
               BuildableIdentifier = "primary"
               BlueprintIdentifier = "A01AB2D02ACC9EDA0029EDF0"
               BuildableName = "AEUpdateService.app"
               BlueprintName = "AEUpdateService"
               ReferencedContainer = "container:Aurora Editor.xcodeproj">
            </BuildableReference>
         </BuildActionEntry>
         <BuildActionEntry
            buildForTesting = "YES"
            buildForRunning = "YES"
            buildForProfiling = "YES"
            buildForArchiving = "YES"
            buildForAnalyzing = "YES">
            <BuildableReference
               BuildableIdentifier = "primary"
               BlueprintIdentifier = "2BE487EB28245162003F3F64"
               BuildableName = "Open With Aurora Editor.appex"
               BlueprintName = "Open With Aurora Editor"
               ReferencedContainer = "container:Aurora Editor.xcodeproj">
            </BuildableReference>
         </BuildActionEntry>
         <BuildActionEntry
            buildForTesting = "YES"
            buildForRunning = "YES"
            buildForProfiling = "YES"
            buildForArchiving = "YES"
            buildForAnalyzing = "YES">
            <BuildableReference
               BuildableIdentifier = "primary"
               BlueprintIdentifier = "AuroraEditorCli"
               BuildableName = "AuroraEditorCli"
               BlueprintName = "AuroraEditorCli"
               ReferencedContainer = "container:AuroraEditorCli">
            </BuildableReference>
         </BuildActionEntry>
      </BuildActionEntries>
   </BuildAction>
   <TestAction
      buildConfiguration = "Release"
      selectedDebuggerIdentifier = ""
      selectedLauncherIdentifier = "Xcode.IDEFoundation.Launcher.PosixSpawn"
      shouldUseLaunchSchemeArgsEnv = "YES">
      <Testables>
         <TestableReference
            skipped = "NO"
            parallelizable = "YES">
            <BuildableReference
               BuildableIdentifier = "primary"
               BlueprintIdentifier = "2B11FF862AB0E8F4005B649C"
               BuildableName = "Aurora Editor (Tests).xctest"
               BlueprintName = "Aurora Editor (Tests)"
               ReferencedContainer = "container:Aurora Editor.xcodeproj">
            </BuildableReference>
         </TestableReference>
         <TestableReference
            skipped = "NO"
            parallelizable = "YES">
            <BuildableReference
               BuildableIdentifier = "primary"
               BlueprintIdentifier = "2B11FF932AB0EBF7005B649C"
               BuildableName = "Aurora Editor (UITests).xctest"
               BlueprintName = "Aurora Editor (UITests)"
               ReferencedContainer = "container:Aurora Editor.xcodeproj">
            </BuildableReference>
         </TestableReference>
      </Testables>
   </TestAction>
   <LaunchAction
      buildConfiguration = "Release"
      selectedDebuggerIdentifier = ""
      selectedLauncherIdentifier = "Xcode.IDEFoundation.Launcher.PosixSpawn"
      launchStyle = "0"
      useCustomWorkingDirectory = "NO"
      ignoresPersistentStateOnLaunch = "NO"
      debugDocumentVersioning = "NO"
      debugServiceExtension = "internal"
      allowLocationSimulation = "YES">
      <BuildableProductRunnable
         runnableDebuggingMode = "0">
         <BuildableReference
            BuildableIdentifier = "primary"
            BlueprintIdentifier = "B658FB2B27DA9E0F00EA4DBD"
            BuildableName = "Aurora Editor.app"
            BlueprintName = "Aurora Editor"
            ReferencedContainer = "container:Aurora Editor.xcodeproj">
         </BuildableReference>
      </BuildableProductRunnable>
      <MacroExpansion>
         <BuildableReference
            BuildableIdentifier = "primary"
            BlueprintIdentifier = "B658FB2B27DA9E0F00EA4DBD"
            BuildableName = "Aurora Editor.app"
            BlueprintName = "Aurora Editor"
            ReferencedContainer = "container:AuroraEditor.xcodeproj">
         </BuildableReference>
      </MacroExpansion>
   </LaunchAction>
   <ProfileAction
      buildConfiguration = "Release"
      shouldUseLaunchSchemeArgsEnv = "YES"
      savedToolIdentifier = ""
      useCustomWorkingDirectory = "NO"
      debugDocumentVersioning = "YES">
      <BuildableProductRunnable
         runnableDebuggingMode = "0">
         <BuildableReference
            BuildableIdentifier = "primary"
            BlueprintIdentifier = "B658FB2B27DA9E0F00EA4DBD"
            BuildableName = "Aurora Editor.app"
            BlueprintName = "Aurora Editor"
            ReferencedContainer = "container:AuroraEditor.xcodeproj">
         </BuildableReference>
      </BuildableProductRunnable>
      <MacroExpansion>
         <BuildableReference
            BuildableIdentifier = "primary"
            BlueprintIdentifier = "B658FB2B27DA9E0F00EA4DBD"
            BuildableName = "Aurora Editor.app"
            BlueprintName = "Aurora Editor"
            ReferencedContainer = "container:AuroraEditor.xcodeproj">
         </BuildableReference>
      </MacroExpansion>
   </ProfileAction>
   <AnalyzeAction
      buildConfiguration = "Release">
   </AnalyzeAction>
   <ArchiveAction
      buildConfiguration = "Release"
      revealArchiveInOrganizer = "YES">
   </ArchiveAction>
</Scheme>
