{
  "object": {
    "pins": [
      {
        "package": "AEExtensionKit",
        "repositoryURL": "https://github.com/AuroraEditor/AEExtensionKit.git",
        "state": {
          "branch": "main",
          "revision": "53577d52ad6db38b3543ff2a17acc533a0673b8c",
          "version": null
        }
      },
      {
        "package": "SwiftTerm",
        "repositoryURL": "https://github.com/migueldeicaza/SwiftTerm.git",
        "state": {
          "branch": null,
          "revision": "70a3af884c24dff9f1beeda04e889b5591f04f3c",
          "version": "1.0.7"
        }
      }
    ]
  },
  "version": 1
}
