// !$*UTF8*$!
{
	archiveVersion = 1;
	classes = {
	};
	objectVersion = 56;
	objects = {

/* Begin PBXBuildFile section */
		2B51B92328736E4B000E578D /* AuroraEditorApp.swift in Sources */ = {isa = PBXBuildFile; fileRef = 2B51B92228736E4B000E578D /* AuroraEditorApp.swift */; };
		2B51B92528736E4B000E578D /* AuroraEditorDocument.swift in Sources */ = {isa = PBXBuildFile; fileRef = 2B51B92428736E4B000E578D /* AuroraEditorDocument.swift */; };
		2B51B92728736E4B000E578D /* ContentView.swift in Sources */ = {isa = PBXBuildFile; fileRef = 2B51B92628736E4B000E578D /* ContentView.swift */; };
		2B51B92928736E4D000E578D /* Assets.xcassets in Resources */ = {isa = PBXBuildFile; fileRef = 2B51B92828736E4D000E578D /* Assets.xcassets */; };
		2B51B92C28736E4D000E578D /* Preview Assets.xcassets in Resources */ = {isa = PBXBuildFile; fileRef = 2B51B92B28736E4D000E578D /* Preview Assets.xcassets */; };
		2B51B93828736E4D000E578D /* AuroraEditorTests.swift in Sources */ = {isa = PBXBuildFile; fileRef = 2B51B93728736E4D000E578D /* AuroraEditorTests.swift */; };
		2B51B94228736E4D000E578D /* AuroraEditorUITests.swift in Sources */ = {isa = PBXBuildFile; fileRef = 2B51B94128736E4D000E578D /* AuroraEditorUITests.swift */; };
		2B51B94428736E4D000E578D /* AuroraEditorUITestsLaunchTests.swift in Sources */ = {isa = PBXBuildFile; fileRef = 2B51B94328736E4D000E578D /* AuroraEditorUITestsLaunchTests.swift */; };
		2B65032B28736F440044750F /* Builder.swift in Sources */ = {isa = PBXBuildFile; fileRef = 2B65032A28736F440044750F /* Builder.swift */; };
		2B65032D28736F530044750F /* Editor.swift in Sources */ = {isa = PBXBuildFile; fileRef = 2B65032C28736F530044750F /* Editor.swift */; };
		2B65032F28736F600044750F /* Plugin.swift in Sources */ = {isa = PBXBuildFile; fileRef = 2B65032E28736F600044750F /* Plugin.swift */; };
/* End PBXBuildFile section */

/* Begin PBXContainerItemProxy section */
		2B51B93428736E4D000E578D /* PBXContainerItemProxy */ = {
			isa = PBXContainerItemProxy;
			containerPortal = 2B51B91728736E4B000E578D /* Project object */;
			proxyType = 1;
			remoteGlobalIDString = 2B51B91E28736E4B000E578D;
			remoteInfo = AuroraEditor;
		};
		2B51B93E28736E4D000E578D /* PBXContainerItemProxy */ = {
			isa = PBXContainerItemProxy;
			containerPortal = 2B51B91728736E4B000E578D /* Project object */;
			proxyType = 1;
			remoteGlobalIDString = 2B51B91E28736E4B000E578D;
			remoteInfo = AuroraEditor;
		};
/* End PBXContainerItemProxy section */

/* Begin PBXFileReference section */
		2B51B91F28736E4B000E578D /* AuroraEditor.app */ = {isa = PBXFileReference; explicitFileType = wrapper.application; includeInIndex = 0; path = AuroraEditor.app; sourceTree = BUILT_PRODUCTS_DIR; };
		2B51B92228736E4B000E578D /* AuroraEditorApp.swift */ = {isa = PBXFileReference; lastKnownFileType = sourcecode.swift; path = AuroraEditorApp.swift; sourceTree = "<group>"; };
		2B51B92428736E4B000E578D /* AuroraEditorDocument.swift */ = {isa = PBXFileReference; lastKnownFileType = sourcecode.swift; path = AuroraEditorDocument.swift; sourceTree = "<group>"; };
		2B51B92628736E4B000E578D /* ContentView.swift */ = {isa = PBXFileReference; lastKnownFileType = sourcecode.swift; path = ContentView.swift; sourceTree = "<group>"; };
		2B51B92828736E4D000E578D /* Assets.xcassets */ = {isa = PBXFileReference; lastKnownFileType = folder.assetcatalog; path = Assets.xcassets; sourceTree = "<group>"; };
		2B51B92B28736E4D000E578D /* Preview Assets.xcassets */ = {isa = PBXFileReference; lastKnownFileType = folder.assetcatalog; path = "Preview Assets.xcassets"; sourceTree = "<group>"; };
		2B51B92D28736E4D000E578D /* Info.plist */ = {isa = PBXFileReference; lastKnownFileType = text.plist.xml; path = Info.plist; sourceTree = "<group>"; };
		2B51B92E28736E4D000E578D /* AuroraEditor.entitlements */ = {isa = PBXFileReference; lastKnownFileType = text.plist.entitlements; path = AuroraEditor.entitlements; sourceTree = "<group>"; };
		2B51B93328736E4D000E578D /* AuroraEditorTests.xctest */ = {isa = PBXFileReference; explicitFileType = wrapper.cfbundle; includeInIndex = 0; path = AuroraEditorTests.xctest; sourceTree = BUILT_PRODUCTS_DIR; };
		2B51B93728736E4D000E578D /* AuroraEditorTests.swift */ = {isa = PBXFileReference; lastKnownFileType = sourcecode.swift; path = AuroraEditorTests.swift; sourceTree = "<group>"; };
		2B51B93D28736E4D000E578D /* AuroraEditorUITests.xctest */ = {isa = PBXFileReference; explicitFileType = wrapper.cfbundle; includeInIndex = 0; path = AuroraEditorUITests.xctest; sourceTree = BUILT_PRODUCTS_DIR; };
		2B51B94128736E4D000E578D /* AuroraEditorUITests.swift */ = {isa = PBXFileReference; lastKnownFileType = sourcecode.swift; path = AuroraEditorUITests.swift; sourceTree = "<group>"; };
		2B51B94328736E4D000E578D /* AuroraEditorUITestsLaunchTests.swift */ = {isa = PBXFileReference; lastKnownFileType = sourcecode.swift; path = AuroraEditorUITestsLaunchTests.swift; sourceTree = "<group>"; };
		2B65032A28736F440044750F /* Builder.swift */ = {isa = PBXFileReference; lastKnownFileType = sourcecode.swift; path = Builder.swift; sourceTree = "<group>"; };
		2B65032C28736F530044750F /* Editor.swift */ = {isa = PBXFileReference; lastKnownFileType = sourcecode.swift; name = Editor.swift; path = Editor/Editor.swift; sourceTree = "<group>"; };
		2B65032E28736F600044750F /* Plugin.swift */ = {isa = PBXFileReference; lastKnownFileType = sourcecode.swift; name = Plugin.swift; path = AuroraEditor/Modules/Plugins/Plugin.swift; sourceTree = SOURCE_ROOT; };
/* End PBXFileReference section */

/* Begin PBXFrameworksBuildPhase section */
		2B51B91C28736E4B000E578D /* Frameworks */ = {
			isa = PBXFrameworksBuildPhase;
			buildActionMask = 2147483647;
			files = (
			);
			runOnlyForDeploymentPostprocessing = 0;
		};
		2B51B93028736E4D000E578D /* Frameworks */ = {
			isa = PBXFrameworksBuildPhase;
			buildActionMask = 2147483647;
			files = (
			);
			runOnlyForDeploymentPostprocessing = 0;
		};
		2B51B93A28736E4D000E578D /* Frameworks */ = {
			isa = PBXFrameworksBuildPhase;
			buildActionMask = 2147483647;
			files = (
			);
			runOnlyForDeploymentPostprocessing = 0;
		};
/* End PBXFrameworksBuildPhase section */

/* Begin PBXGroup section */
		2B51B91628736E4B000E578D = {
			isa = PBXGroup;
			children = (
				2B51B92128736E4B000E578D /* AuroraEditor */,
				2B51B93628736E4D000E578D /* AuroraEditorTests */,
				2B51B94028736E4D000E578D /* AuroraEditorUITests */,
				2B51B92028736E4B000E578D /* Products */,
			);
			sourceTree = "<group>";
		};
		2B51B92028736E4B000E578D /* Products */ = {
			isa = PBXGroup;
			children = (
				2B51B91F28736E4B000E578D /* AuroraEditor.app */,
				2B51B93328736E4D000E578D /* AuroraEditorTests.xctest */,
				2B51B93D28736E4D000E578D /* AuroraEditorUITests.xctest */,
			);
			name = Products;
			sourceTree = "<group>";
		};
		2B51B92128736E4B000E578D /* AuroraEditor */ = {
			isa = PBXGroup;
			children = (
				2BE578F228736EC50019EE8E /* Modules */,
				2B51B92228736E4B000E578D /* AuroraEditorApp.swift */,
				2B51B92428736E4B000E578D /* AuroraEditorDocument.swift */,
				2B51B92628736E4B000E578D /* ContentView.swift */,
				2B51B92828736E4D000E578D /* Assets.xcassets */,
				2B51B92D28736E4D000E578D /* Info.plist */,
				2B51B92E28736E4D000E578D /* AuroraEditor.entitlements */,
				2B51B92A28736E4D000E578D /* Preview Content */,
			);
			path = AuroraEditor;
			sourceTree = "<group>";
		};
		2B51B92A28736E4D000E578D /* Preview Content */ = {
			isa = PBXGroup;
			children = (
				2B51B92B28736E4D000E578D /* Preview Assets.xcassets */,
			);
			path = "Preview Content";
			sourceTree = "<group>";
		};
		2B51B93628736E4D000E578D /* AuroraEditorTests */ = {
			isa = PBXGroup;
			children = (
				2B51B93728736E4D000E578D /* AuroraEditorTests.swift */,
			);
			path = AuroraEditorTests;
			sourceTree = "<group>";
		};
		2B51B94028736E4D000E578D /* AuroraEditorUITests */ = {
			isa = PBXGroup;
			children = (
				2B51B94128736E4D000E578D /* AuroraEditorUITests.swift */,
				2B51B94328736E4D000E578D /* AuroraEditorUITestsLaunchTests.swift */,
			);
			path = AuroraEditorUITests;
			sourceTree = "<group>";
		};
		2BE578F228736EC50019EE8E /* Modules */ = {
			isa = PBXGroup;
			children = (
				2BE578F528736EF20019EE8E /* Builder */,
				2BE578F428736EE90019EE8E /* Editor */,
				2BE578F328736ED00019EE8E /* Plugins */,
			);
			path = Modules;
			sourceTree = "<group>";
		};
		2BE578F328736ED00019EE8E /* Plugins */ = {
			isa = PBXGroup;
			children = (
				2B65032E28736F600044750F /* Plugin.swift */,
			);
			name = Plugins;
			path = "../New Group/New Group";
			sourceTree = "<group>";
		};
		2BE578F428736EE90019EE8E /* Editor */ = {
			isa = PBXGroup;
			children = (
				2B65032C28736F530044750F /* Editor.swift */,
			);
			name = Editor;
			sourceTree = "<group>";
		};
		2BE578F528736EF20019EE8E /* Builder */ = {
			isa = PBXGroup;
			children = (
				2B65032A28736F440044750F /* Builder.swift */,
			);
			name = Builder;
			sourceTree = "<group>";
		};
/* End PBXGroup section */

/* Begin PBXNativeTarget section */
		2B51B91E28736E4B000E578D /* AuroraEditor */ = {
			isa = PBXNativeTarget;
			buildConfigurationList = 2B51B94728736E4D000E578D /* Build configuration list for PBXNativeTarget "AuroraEditor" */;
			buildPhases = (
				2B51B91B28736E4B000E578D /* Sources */,
				2B51B91C28736E4B000E578D /* Frameworks */,
				2B51B91D28736E4B000E578D /* Resources */,
			);
			buildRules = (
			);
			dependencies = (
			);
			name = AuroraEditor;
			productName = AuroraEditor;
			productReference = 2B51B91F28736E4B000E578D /* AuroraEditor.app */;
			productType = "com.apple.product-type.application";
		};
		2B51B93228736E4D000E578D /* AuroraEditorTests */ = {
			isa = PBXNativeTarget;
			buildConfigurationList = 2B51B94A28736E4D000E578D /* Build configuration list for PBXNativeTarget "AuroraEditorTests" */;
			buildPhases = (
				2B51B92F28736E4D000E578D /* Sources */,
				2B51B93028736E4D000E578D /* Frameworks */,
				2B51B93128736E4D000E578D /* Resources */,
			);
			buildRules = (
			);
			dependencies = (
				2B51B93528736E4D000E578D /* PBXTargetDependency */,
			);
			name = AuroraEditorTests;
			productName = AuroraEditorTests;
			productReference = 2B51B93328736E4D000E578D /* AuroraEditorTests.xctest */;
			productType = "com.apple.product-type.bundle.unit-test";
		};
		2B51B93C28736E4D000E578D /* AuroraEditorUITests */ = {
			isa = PBXNativeTarget;
			buildConfigurationList = 2B51B94D28736E4D000E578D /* Build configuration list for PBXNativeTarget "AuroraEditorUITests" */;
			buildPhases = (
				2B51B93928736E4D000E578D /* Sources */,
				2B51B93A28736E4D000E578D /* Frameworks */,
				2B51B93B28736E4D000E578D /* Resources */,
			);
			buildRules = (
			);
			dependencies = (
				2B51B93F28736E4D000E578D /* PBXTargetDependency */,
			);
			name = AuroraEditorUITests;
			productName = AuroraEditorUITests;
			productReference = 2B51B93D28736E4D000E578D /* AuroraEditorUITests.xctest */;
			productType = "com.apple.product-type.bundle.ui-testing";
		};
/* End PBXNativeTarget section */

/* Begin PBXProject section */
		2B51B91728736E4B000E578D /* Project object */ = {
			isa = PBXProject;
			attributes = {
				BuildIndependentTargetsInParallel = 1;
				LastSwiftUpdateCheck = 1400;
				LastUpgradeCheck = 1400;
				TargetAttributes = {
					2B51B91E28736E4B000E578D = {
						CreatedOnToolsVersion = 14.0;
					};
					2B51B93228736E4D000E578D = {
						CreatedOnToolsVersion = 14.0;
						TestTargetID = 2B51B91E28736E4B000E578D;
					};
					2B51B93C28736E4D000E578D = {
						CreatedOnToolsVersion = 14.0;
						TestTargetID = 2B51B91E28736E4B000E578D;
					};
				};
			};
			buildConfigurationList = 2B51B91A28736E4B000E578D /* Build configuration list for PBXProject "AuroraEditor" */;
			compatibilityVersion = "Xcode 14.0";
			developmentRegion = en;
			hasScannedForEncodings = 0;
			knownRegions = (
				en,
				Base,
			);
			mainGroup = 2B51B91628736E4B000E578D;
			productRefGroup = 2B51B92028736E4B000E578D /* Products */;
			projectDirPath = "";
			projectRoot = "";
			targets = (
				2B51B91E28736E4B000E578D /* AuroraEditor */,
				2B51B93228736E4D000E578D /* AuroraEditorTests */,
				2B51B93C28736E4D000E578D /* AuroraEditorUITests */,
			);
		};
/* End PBXProject section */

/* Begin PBXResourcesBuildPhase section */
		2B51B91D28736E4B000E578D /* Resources */ = {
			isa = PBXResourcesBuildPhase;
			buildActionMask = 2147483647;
			files = (
				2B51B92C28736E4D000E578D /* Preview Assets.xcassets in Resources */,
				2B51B92928736E4D000E578D /* Assets.xcassets in Resources */,
			);
			runOnlyForDeploymentPostprocessing = 0;
		};
		2B51B93128736E4D000E578D /* Resources */ = {
			isa = PBXResourcesBuildPhase;
			buildActionMask = 2147483647;
			files = (
			);
			runOnlyForDeploymentPostprocessing = 0;
		};
		2B51B93B28736E4D000E578D /* Resources */ = {
			isa = PBXResourcesBuildPhase;
			buildActionMask = 2147483647;
			files = (
			);
			runOnlyForDeploymentPostprocessing = 0;
		};
/* End PBXResourcesBuildPhase section */

/* Begin PBXSourcesBuildPhase section */
		2B51B91B28736E4B000E578D /* Sources */ = {
			isa = PBXSourcesBuildPhase;
			buildActionMask = 2147483647;
			files = (
				2B65032F28736F600044750F /* Plugin.swift in Sources */,
				2B51B92328736E4B000E578D /* AuroraEditorApp.swift in Sources */,
				2B65032B28736F440044750F /* Builder.swift in Sources */,
				2B51B92528736E4B000E578D /* AuroraEditorDocument.swift in Sources */,
				2B51B92728736E4B000E578D /* ContentView.swift in Sources */,
				2B65032D28736F530044750F /* Editor.swift in Sources */,
			);
			runOnlyForDeploymentPostprocessing = 0;
		};
		2B51B92F28736E4D000E578D /* Sources */ = {
			isa = PBXSourcesBuildPhase;
			buildActionMask = 2147483647;
			files = (
				2B51B93828736E4D000E578D /* AuroraEditorTests.swift in Sources */,
			);
			runOnlyForDeploymentPostprocessing = 0;
		};
		2B51B93928736E4D000E578D /* Sources */ = {
			isa = PBXSourcesBuildPhase;
			buildActionMask = 2147483647;
			files = (
				2B51B94228736E4D000E578D /* AuroraEditorUITests.swift in Sources */,
				2B51B94428736E4D000E578D /* AuroraEditorUITestsLaunchTests.swift in Sources */,
			);
			runOnlyForDeploymentPostprocessing = 0;
		};
/* End PBXSourcesBuildPhase section */

/* Begin PBXTargetDependency section */
		2B51B93528736E4D000E578D /* PBXTargetDependency */ = {
			isa = PBXTargetDependency;
			target = 2B51B91E28736E4B000E578D /* AuroraEditor */;
			targetProxy = 2B51B93428736E4D000E578D /* PBXContainerItemProxy */;
		};
		2B51B93F28736E4D000E578D /* PBXTargetDependency */ = {
			isa = PBXTargetDependency;
			target = 2B51B91E28736E4B000E578D /* AuroraEditor */;
			targetProxy = 2B51B93E28736E4D000E578D /* PBXContainerItemProxy */;
		};
/* End PBXTargetDependency section */

/* Begin XCBuildConfiguration section */
		2B51B94528736E4D000E578D /* Debug */ = {
			isa = XCBuildConfiguration;
			buildSettings = {
				ALWAYS_SEARCH_USER_PATHS = NO;
				CLANG_ANALYZER_NONNULL = YES;
				CLANG_ANALYZER_NUMBER_OBJECT_CONVERSION = YES_AGGRESSIVE;
				CLANG_CXX_LANGUAGE_STANDARD = "gnu++17";
				CLANG_ENABLE_MODULES = YES;
				CLANG_ENABLE_OBJC_ARC = YES;
				CLANG_ENABLE_OBJC_WEAK = YES;
				CLANG_WARN_BLOCK_CAPTURE_AUTORELEASING = YES;
				CLANG_WARN_BOOL_CONVERSION = YES;
				CLANG_WARN_COMMA = YES;
				CLANG_WARN_CONSTANT_CONVERSION = YES;
				CLANG_WARN_DEPRECATED_OBJC_IMPLEMENTATIONS = YES;
				CLANG_WARN_DIRECT_OBJC_ISA_USAGE = YES_ERROR;
				CLANG_WARN_DOCUMENTATION_COMMENTS = YES;
				CLANG_WARN_EMPTY_BODY = YES;
				CLANG_WARN_ENUM_CONVERSION = YES;
				CLANG_WARN_INFINITE_RECURSION = YES;
				CLANG_WARN_INT_CONVERSION = YES;
				CLANG_WARN_NON_LITERAL_NULL_CONVERSION = YES;
				CLANG_WARN_OBJC_IMPLICIT_RETAIN_SELF = YES;
				CLANG_WARN_OBJC_LITERAL_CONVERSION = YES;
				CLANG_WARN_OBJC_ROOT_CLASS = YES_ERROR;
				CLANG_WARN_QUOTED_INCLUDE_IN_FRAMEWORK_HEADER = YES;
				CLANG_WARN_RANGE_LOOP_ANALYSIS = YES;
				CLANG_WARN_STRICT_PROTOTYPES = YES;
				CLANG_WARN_SUSPICIOUS_MOVE = YES;
				CLANG_WARN_UNGUARDED_AVAILABILITY = YES_AGGRESSIVE;
				CLANG_WARN_UNREACHABLE_CODE = YES;
				CLANG_WARN__DUPLICATE_METHOD_MATCH = YES;
				COPY_PHASE_STRIP = NO;
				DEBUG_INFORMATION_FORMAT = dwarf;
				ENABLE_STRICT_OBJC_MSGSEND = YES;
				ENABLE_TESTABILITY = YES;
				GCC_C_LANGUAGE_STANDARD = gnu11;
				GCC_DYNAMIC_NO_PIC = NO;
				GCC_NO_COMMON_BLOCKS = YES;
				GCC_OPTIMIZATION_LEVEL = 0;
				GCC_PREPROCESSOR_DEFINITIONS = (
					"DEBUG=1",
					"$(inherited)",
				);
				GCC_WARN_64_TO_32_BIT_CONVERSION = YES;
				GCC_WARN_ABOUT_RETURN_TYPE = YES_ERROR;
				GCC_WARN_UNDECLARED_SELECTOR = YES;
				GCC_WARN_UNINITIALIZED_AUTOS = YES_AGGRESSIVE;
				GCC_WARN_UNUSED_FUNCTION = YES;
				GCC_WARN_UNUSED_VARIABLE = YES;
				MACOSX_DEPLOYMENT_TARGET = 13.0;
				MTL_ENABLE_DEBUG_INFO = INCLUDE_SOURCE;
				MTL_FAST_MATH = YES;
				ONLY_ACTIVE_ARCH = YES;
				SDKROOT = macosx;
				SWIFT_ACTIVE_COMPILATION_CONDITIONS = DEBUG;
				SWIFT_OPTIMIZATION_LEVEL = "-Onone";
			};
			name = Debug;
		};
		2B51B94628736E4D000E578D /* Release */ = {
			isa = XCBuildConfiguration;
			buildSettings = {
				ALWAYS_SEARCH_USER_PATHS = NO;
				CLANG_ANALYZER_NONNULL = YES;
				CLANG_ANALYZER_NUMBER_OBJECT_CONVERSION = YES_AGGRESSIVE;
				CLANG_CXX_LANGUAGE_STANDARD = "gnu++17";
				CLANG_ENABLE_MODULES = YES;
				CLANG_ENABLE_OBJC_ARC = YES;
				CLANG_ENABLE_OBJC_WEAK = YES;
				CLANG_WARN_BLOCK_CAPTURE_AUTORELEASING = YES;
				CLANG_WARN_BOOL_CONVERSION = YES;
				CLANG_WARN_COMMA = YES;
				CLANG_WARN_CONSTANT_CONVERSION = YES;
				CLANG_WARN_DEPRECATED_OBJC_IMPLEMENTATIONS = YES;
				CLANG_WARN_DIRECT_OBJC_ISA_USAGE = YES_ERROR;
				CLANG_WARN_DOCUMENTATION_COMMENTS = YES;
				CLANG_WARN_EMPTY_BODY = YES;
				CLANG_WARN_ENUM_CONVERSION = YES;
				CLANG_WARN_INFINITE_RECURSION = YES;
				CLANG_WARN_INT_CONVERSION = YES;
				CLANG_WARN_NON_LITERAL_NULL_CONVERSION = YES;
				CLANG_WARN_OBJC_IMPLICIT_RETAIN_SELF = YES;
				CLANG_WARN_OBJC_LITERAL_CONVERSION = YES;
				CLANG_WARN_OBJC_ROOT_CLASS = YES_ERROR;
				CLANG_WARN_QUOTED_INCLUDE_IN_FRAMEWORK_HEADER = YES;
				CLANG_WARN_RANGE_LOOP_ANALYSIS = YES;
				CLANG_WARN_STRICT_PROTOTYPES = YES;
				CLANG_WARN_SUSPICIOUS_MOVE = YES;
				CLANG_WARN_UNGUARDED_AVAILABILITY = YES_AGGRESSIVE;
				CLANG_WARN_UNREACHABLE_CODE = YES;
				CLANG_WARN__DUPLICATE_METHOD_MATCH = YES;
				COPY_PHASE_STRIP = NO;
				DEBUG_INFORMATION_FORMAT = "dwarf-with-dsym";
				ENABLE_NS_ASSERTIONS = NO;
				ENABLE_STRICT_OBJC_MSGSEND = YES;
				GCC_C_LANGUAGE_STANDARD = gnu11;
				GCC_NO_COMMON_BLOCKS = YES;
				GCC_WARN_64_TO_32_BIT_CONVERSION = YES;
				GCC_WARN_ABOUT_RETURN_TYPE = YES_ERROR;
				GCC_WARN_UNDECLARED_SELECTOR = YES;
				GCC_WARN_UNINITIALIZED_AUTOS = YES_AGGRESSIVE;
				GCC_WARN_UNUSED_FUNCTION = YES;
				GCC_WARN_UNUSED_VARIABLE = YES;
				MACOSX_DEPLOYMENT_TARGET = 13.0;
				MTL_ENABLE_DEBUG_INFO = NO;
				MTL_FAST_MATH = YES;
				SDKROOT = macosx;
				SWIFT_COMPILATION_MODE = wholemodule;
				SWIFT_OPTIMIZATION_LEVEL = "-O";
			};
			name = Release;
		};
		2B51B94828736E4D000E578D /* Debug */ = {
			isa = XCBuildConfiguration;
			buildSettings = {
				ASSETCATALOG_COMPILER_APPICON_NAME = AppIcon;
				ASSETCATALOG_COMPILER_GLOBAL_ACCENT_COLOR_NAME = AccentColor;
				ASSETCATALOG_COMPILER_INCLUDE_ALL_APPICON_ASSETS = NO;
				CODE_SIGN_ENTITLEMENTS = AuroraEditor/AuroraEditor.entitlements;
				CODE_SIGN_STYLE = Automatic;
				COMBINE_HIDPI_IMAGES = YES;
				CURRENT_PROJECT_VERSION = 1;
				DEVELOPMENT_ASSET_PATHS = "\"AuroraEditor/Preview Content\"";
				DEVELOPMENT_TEAM = 4V2D72S45C;
				ENABLE_HARDENED_RUNTIME = YES;
				ENABLE_PREVIEWS = YES;
				GENERATE_INFOPLIST_FILE = YES;
				INFOPLIST_FILE = AuroraEditor/Info.plist;
				INFOPLIST_KEY_CFBundleDisplayName = "Aurora Editor";
				INFOPLIST_KEY_NSHumanReadableCopyright = "";
				LD_RUNPATH_SEARCH_PATHS = (
					"$(inherited)",
					"@executable_path/../Frameworks",
				);
				MACOSX_DEPLOYMENT_TARGET = 12.0;
				MARKETING_VERSION = 1.0;
				PRODUCT_BUNDLE_IDENTIFIER = com.AuroraEditor.AuroraEditor;
				PRODUCT_NAME = "$(TARGET_NAME)";
				SWIFT_EMIT_LOC_STRINGS = YES;
				SWIFT_VERSION = 5.0;
			};
			name = Debug;
		};
		2B51B94928736E4D000E578D /* Release */ = {
			isa = XCBuildConfiguration;
			buildSettings = {
				ASSETCATALOG_COMPILER_APPICON_NAME = AppIcon;
				ASSETCATALOG_COMPILER_GLOBAL_ACCENT_COLOR_NAME = AccentColor;
				ASSETCATALOG_COMPILER_INCLUDE_ALL_APPICON_ASSETS = NO;
				CODE_SIGN_ENTITLEMENTS = AuroraEditor/AuroraEditor.entitlements;
				CODE_SIGN_STYLE = Automatic;
				COMBINE_HIDPI_IMAGES = YES;
				CURRENT_PROJECT_VERSION = 1;
				DEVELOPMENT_ASSET_PATHS = "\"AuroraEditor/Preview Content\"";
				DEVELOPMENT_TEAM = 4V2D72S45C;
				ENABLE_HARDENED_RUNTIME = YES;
				ENABLE_PREVIEWS = YES;
				GENERATE_INFOPLIST_FILE = YES;
				INFOPLIST_FILE = AuroraEditor/Info.plist;
				INFOPLIST_KEY_CFBundleDisplayName = "Aurora Editor";
				INFOPLIST_KEY_NSHumanReadableCopyright = "";
				LD_RUNPATH_SEARCH_PATHS = (
					"$(inherited)",
					"@executable_path/../Frameworks",
				);
				MACOSX_DEPLOYMENT_TARGET = 12.0;
				MARKETING_VERSION = 1.0;
				PRODUCT_BUNDLE_IDENTIFIER = com.AuroraEditor.AuroraEditor;
				PRODUCT_NAME = "$(TARGET_NAME)";
				SWIFT_EMIT_LOC_STRINGS = YES;
				SWIFT_VERSION = 5.0;
			};
			name = Release;
		};
		2B51B94B28736E4D000E578D /* Debug */ = {
			isa = XCBuildConfiguration;
			buildSettings = {
				ALWAYS_EMBED_SWIFT_STANDARD_LIBRARIES = YES;
				BUNDLE_LOADER = "$(TEST_HOST)";
				CODE_SIGN_STYLE = Automatic;
				CURRENT_PROJECT_VERSION = 1;
				DEVELOPMENT_TEAM = 4V2D72S45C;
				GENERATE_INFOPLIST_FILE = YES;
				MACOSX_DEPLOYMENT_TARGET = 13.0;
				MARKETING_VERSION = 1.0;
				PRODUCT_BUNDLE_IDENTIFIER = com.AuroraEditor.AuroraEditorTests;
				PRODUCT_NAME = "$(TARGET_NAME)";
				SWIFT_EMIT_LOC_STRINGS = NO;
				SWIFT_VERSION = 5.0;
				TEST_HOST = "$(BUILT_PRODUCTS_DIR)/AuroraEditor.app/$(BUNDLE_EXECUTABLE_FOLDER_PATH)/AuroraEditor";
			};
			name = Debug;
		};
		2B51B94C28736E4D000E578D /* Release */ = {
			isa = XCBuildConfiguration;
			buildSettings = {
				ALWAYS_EMBED_SWIFT_STANDARD_LIBRARIES = YES;
				BUNDLE_LOADER = "$(TEST_HOST)";
				CODE_SIGN_STYLE = Automatic;
				CURRENT_PROJECT_VERSION = 1;
				DEVELOPMENT_TEAM = 4V2D72S45C;
				GENERATE_INFOPLIST_FILE = YES;
				MACOSX_DEPLOYMENT_TARGET = 13.0;
				MARKETING_VERSION = 1.0;
				PRODUCT_BUNDLE_IDENTIFIER = com.AuroraEditor.AuroraEditorTests;
				PRODUCT_NAME = "$(TARGET_NAME)";
				SWIFT_EMIT_LOC_STRINGS = NO;
				SWIFT_VERSION = 5.0;
				TEST_HOST = "$(BUILT_PRODUCTS_DIR)/AuroraEditor.app/$(BUNDLE_EXECUTABLE_FOLDER_PATH)/AuroraEditor";
			};
			name = Release;
		};
		2B51B94E28736E4D000E578D /* Debug */ = {
			isa = XCBuildConfiguration;
			buildSettings = {
				ALWAYS_EMBED_SWIFT_STANDARD_LIBRARIES = YES;
				CODE_SIGN_STYLE = Automatic;
				CURRENT_PROJECT_VERSION = 1;
				DEVELOPMENT_TEAM = 4V2D72S45C;
				GENERATE_INFOPLIST_FILE = YES;
				MARKETING_VERSION = 1.0;
				PRODUCT_BUNDLE_IDENTIFIER = com.AuroraEditor.AuroraEditorUITests;
				PRODUCT_NAME = "$(TARGET_NAME)";
				SWIFT_EMIT_LOC_STRINGS = NO;
				SWIFT_VERSION = 5.0;
				TEST_TARGET_NAME = AuroraEditor;
			};
			name = Debug;
		};
		2B51B94F28736E4D000E578D /* Release */ = {
			isa = XCBuildConfiguration;
			buildSettings = {
				ALWAYS_EMBED_SWIFT_STANDARD_LIBRARIES = YES;
				CODE_SIGN_STYLE = Automatic;
				CURRENT_PROJECT_VERSION = 1;
				DEVELOPMENT_TEAM = 4V2D72S45C;
				GENERATE_INFOPLIST_FILE = YES;
				MARKETING_VERSION = 1.0;
				PRODUCT_BUNDLE_IDENTIFIER = com.AuroraEditor.AuroraEditorUITests;
				PRODUCT_NAME = "$(TARGET_NAME)";
				SWIFT_EMIT_LOC_STRINGS = NO;
				SWIFT_VERSION = 5.0;
				TEST_TARGET_NAME = AuroraEditor;
			};
			name = Release;
		};
/* End XCBuildConfiguration section */

/* Begin XCConfigurationList section */
		2B51B91A28736E4B000E578D /* Build configuration list for PBXProject "AuroraEditor" */ = {
			isa = XCConfigurationList;
			buildConfigurations = (
				2B51B94528736E4D000E578D /* Debug */,
				2B51B94628736E4D000E578D /* Release */,
			);
			defaultConfigurationIsVisible = 0;
			defaultConfigurationName = Release;
		};
		2B51B94728736E4D000E578D /* Build configuration list for PBXNativeTarget "AuroraEditor" */ = {
			isa = XCConfigurationList;
			buildConfigurations = (
				2B51B94828736E4D000E578D /* Debug */,
				2B51B94928736E4D000E578D /* Release */,
			);
			defaultConfigurationIsVisible = 0;
			defaultConfigurationName = Release;
		};
		2B51B94A28736E4D000E578D /* Build configuration list for PBXNativeTarget "AuroraEditorTests" */ = {
			isa = XCConfigurationList;
			buildConfigurations = (
				2B51B94B28736E4D000E578D /* Debug */,
				2B51B94C28736E4D000E578D /* Release */,
			);
			defaultConfigurationIsVisible = 0;
			defaultConfigurationName = Release;
		};
		2B51B94D28736E4D000E578D /* Build configuration list for PBXNativeTarget "AuroraEditorUITests" */ = {
			isa = XCConfigurationList;
			buildConfigurations = (
				2B51B94E28736E4D000E578D /* Debug */,
				2B51B94F28736E4D000E578D /* Release */,
			);
			defaultConfigurationIsVisible = 0;
			defaultConfigurationName = Release;
		};
/* End XCConfigurationList section */
	};
	rootObject = 2B51B91728736E4B000E578D /* Project object */;
}
