{
  "pins" : [
    {
      "identity" : "aeextensionkit",
      "kind" : "remoteSourceControl",
      "location" : "https://github.com/AuroraEditor/AEExtensionKit.git",
      "state" : {
        "branch" : "main",
        "revision" : "53577d52ad6db38b3543ff2a17acc533a0673b8c"
      }
    },
    {
      "identity" : "swiftonig",
      "kind" : "remoteSourceControl",
      "location" : "https://github.com/maogm12/SwiftOnig.git",
      "state" : {
        "revision" : "9d1a55a4996c84b9bc66e7cf9dedf6d5d3d5335b",
        "version" : "0.0.1"
      }
    },
    {
      "identity" : "swiftterm",
      "kind" : "remoteSourceControl",
      "location" : "https://github.com/migueldeicaza/SwiftTerm.git",
      "state" : {
        "revision" : "70a3af884c24dff9f1beeda04e889b5591f04f3c",
        "version" : "1.0.7"
      }
    }
  ],
  "version" : 2
}
