{
  "pins" : [
    {
      "identity" : "aeextensionkit",
      "kind" : "remoteSourceControl",
      "location" : "https://github.com/AuroraEditor/AEExtensionKit.git",
      "state" : {
        "branch" : "main",
        "revision" : "53577d52ad6db38b3543ff2a17acc533a0673b8c"
      }
    },
    {
      "identity" : "swiftterm",
      "kind" : "remoteSourceControl",
      "location" : "https://github.com/migueldeicaza/SwiftTerm.git",
      "state" : {
        "revision" : "70a3af884c24dff9f1beeda04e889b5591f04f3c",
        "version" : "1.0.7"
      }
    },
    {
      "identity" : "version-control-kit",
      "kind" : "remoteSourceControl",
      "location" : "https://github.com/AuroraEditor/Version-Control-Kit.git",
      "state" : {
        "branch" : "main",
        "revision" : "75aa2867c403e4234d7073d18ac3206750ed29ee"
      }
    }
  ],
  "version" : 2
}
